{
  "requires": true,
  "lockfileVersion": 1,
  "dependencies": {
    "@angular/animations": {
      "version": "8.1.0",
      "resolved": "https://registry.npmjs.org/@angular/animations/-/animations-8.1.0.tgz",
      "integrity": "sha512-v1paXrWQGsD+E4QBpwNUZ8dPj8hEn0b2kDVzYX6l/e9flUX6W2BWYx+BRuC4QBnNtTV9jiGsHT8FmQq/WztgWw==",
      "requires": {
        "tslib": "^1.9.0"
      }
    },
    "@angular/cdk": {
      "version": "8.0.2",
      "resolved": "https://registry.npmjs.org/@angular/cdk/-/cdk-8.0.2.tgz",
      "integrity": "sha512-Tv9M0vuTp7Ogk7mRiEpzBG9x5289FXe+WH0VKqN4zTzF/taTgGEuJBLDcFrwQMW0mFpGP7acVOiopgH+nClytg==",
      "requires": {
        "parse5": "^5.0.0",
        "tslib": "^1.7.1"
      }
    },
    "@angular/material": {
      "version": "8.0.2",
      "resolved": "https://registry.npmjs.org/@angular/material/-/material-8.0.2.tgz",
      "integrity": "sha512-Q6YxX7zLsfI1kv0dSJSENSyCuwq7GdHjHzOGeogGfjQRvX3N/ty/z8YfwhQFzZ3XtIysbhuGcpAUWazgWeIKgw==",
      "requires": {
        "tslib": "^1.7.1"
      }
    },
    "parse5": {
      "version": "5.1.0",
      "resolved": "https://registry.npmjs.org/parse5/-/parse5-5.1.0.tgz",
      "integrity": "sha512-fxNG2sQjHvlVAYmzBZS9YlDp6PTSSDwa98vkD4QgVDDCAo84z5X1t5XyJQ62ImdLXx5NdIIfihey6xpum9/gRQ=="
    },
    "tslib": {
      "version": "1.10.0",
      "resolved": "https://registry.npmjs.org/tslib/-/tslib-1.10.0.tgz",
      "integrity": "sha512-qOebF53frne81cf0S9B41ByenJ3/IuH8yJKngAX35CmiZySA0khhkovshKK+jGCaMnVomla7gVlIcc3EvKPbTQ=="
    }
  }
}
